
Microsoft Visual Studio Solution File, Format Version 12.00
# Visual Studio Version 17
VisualStudioVersion = 17.2.32616.157
MinimumVisualStudioVersion = 10.0.40219.1
Project("{FAE04EC0-301F-11D3-BF4B-00C04F79EFBC}") = "FlowLayoutPanel", "FlowLayoutPanel.csproj", "{9309A64C-FCC7-408D-998D-510B4E71655D}"
EndProject
Global
	GlobalSection(SolutionConfigurationPlatforms) = preSolution
		Debug|Any CPU = Debug|Any CPU
		Release|Any CPU = Release|Any CPU
	EndGlobalSection
	GlobalSection(ProjectConfigurationPlatforms) = postSolution
		{9309A64C-FCC7-408D-998D-510B4E71655D}.Debug|Any CPU.ActiveCfg = Debug|Any CPU
		{9309A64C-FCC7-408D-998D-510B4E71655D}.Debug|Any CPU.Build.0 = Debug|Any CPU
		{9309A64C-FCC7-408D-998D-510B4E71655D}.Release|Any CPU.ActiveCfg = Release|Any CPU
		{9309A64C-FCC7-408D-998D-510B4E71655D}.Release|Any CPU.Build.0 = Release|Any CPU
	EndGlobalSection
	GlobalSection(SolutionProperties) = preSolution
		HideSolutionNode = FALSE
	EndGlobalSection
	GlobalSection(ExtensibilityGlobals) = postSolution
		SolutionGuid = {1542B069-75A1-41AD-A773-FFC8067BA706}
	EndGlobalSection
EndGlobal
