
Microsoft Visual Studio Solution File, Format Version 12.00
# Visual Studio Version 17
VisualStudioVersion = 17.2.32616.157
MinimumVisualStudioVersion = 10.0.40219.1
Project("{FAE04EC0-301F-11D3-BF4B-00C04F79EFBC}") = "Flow4", "Flow4.csproj", "{68816854-1E02-416D-9E19-3358FB464540}"
EndProject
Global
	GlobalSection(SolutionConfigurationPlatforms) = preSolution
		Debug|Any CPU = Debug|Any CPU
		Release|Any CPU = Release|Any CPU
	EndGlobalSection
	GlobalSection(ProjectConfigurationPlatforms) = postSolution
		{68816854-1E02-416D-9E19-3358FB464540}.Debug|Any CPU.ActiveCfg = Debug|Any CPU
		{68816854-1E02-416D-9E19-3358FB464540}.Debug|Any CPU.Build.0 = Debug|Any CPU
		{68816854-1E02-416D-9E19-3358FB464540}.Release|Any CPU.ActiveCfg = Release|Any CPU
		{68816854-1E02-416D-9E19-3358FB464540}.Release|Any CPU.Build.0 = Release|Any CPU
	EndGlobalSection
	GlobalSection(SolutionProperties) = preSolution
		HideSolutionNode = FALSE
	EndGlobalSection
	GlobalSection(ExtensibilityGlobals) = postSolution
		SolutionGuid = {8AF54A98-C405-4758-96FB-96EA54FCA5BF}
	EndGlobalSection
EndGlobal
